
Microsoft Visual Studio Solution File, Format Version 12.00
Project("{2150E333-8FDC-42A3-9474-1A3956D46DE8}") = "src", "src", "{033E8E36-95F7-47D6-BA6D-CC184E230E64}"
EndProject
Project("{FAE04EC0-301F-11D3-BF4B-00C04F79EFBC}") = "Domain", "Domain\Domain.csproj", "{5166947D-DA26-49E4-BB61-0EEF64679BAF}"
EndProject
Project("{FAE04EC0-301F-11D3-BF4B-00C04F79EFBC}") = "Application", "Application\Application.csproj", "{B9B7536C-1097-42F5-8E42-E871012C3EEC}"
EndProject
Project("{FAE04EC0-301F-11D3-BF4B-00C04F79EFBC}") = "Infrastructure", "Infrastructure\Infrastructure.csproj", "{0D32AA81-5950-4BB3-A6DF-1D6309483FC8}"
EndProject
Project("{FAE04EC0-301F-11D3-BF4B-00C04F79EFBC}") = "Api", "Api\Api.csproj", "{29AC5C2E-63F0-475C-A6E2-CAAE9CA363DA}"
EndProject
Project("{2150E333-8FDC-42A3-9474-1A3956D46DE8}") = "test", "test", "{2BA8383D-2158-4DAE-86E2-7D6CB22A57F6}"
EndProject
Project("{FAE04EC0-301F-11D3-BF4B-00C04F79EFBC}") = "Application.IntegrationTests", "Application.IntegrationTests\Application.IntegrationTests.csproj", "{13DB08CC-3DC1-430E-9AF4-648BF07CF34E}"
EndProject
Project("{FAE04EC0-301F-11D3-BF4B-00C04F79EFBC}") = "Domain.UnitTests", "Domain.UnitTests\Domain.UnitTests.csproj", "{A26DB5A0-259A-4C25-B42D-03687934A112}"
EndProject
Project("{FAE04EC0-301F-11D3-BF4B-00C04F79EFBC}") = "Contracts", "Contracts\Contracts.csproj", "{8C4623AD-652C-42F8-96F3-FE0458E87CE1}"
EndProject
Global
	GlobalSection(SolutionConfigurationPlatforms) = preSolution
		Debug|Any CPU = Debug|Any CPU
		Release|Any CPU = Release|Any CPU
	EndGlobalSection
	GlobalSection(NestedProjects) = preSolution
		{5166947D-DA26-49E4-BB61-0EEF64679BAF} = {033E8E36-95F7-47D6-BA6D-CC184E230E64}
		{B9B7536C-1097-42F5-8E42-E871012C3EEC} = {033E8E36-95F7-47D6-BA6D-CC184E230E64}
		{0D32AA81-5950-4BB3-A6DF-1D6309483FC8} = {033E8E36-95F7-47D6-BA6D-CC184E230E64}
		{29AC5C2E-63F0-475C-A6E2-CAAE9CA363DA} = {033E8E36-95F7-47D6-BA6D-CC184E230E64}
		{13DB08CC-3DC1-430E-9AF4-648BF07CF34E} = {2BA8383D-2158-4DAE-86E2-7D6CB22A57F6}
		{A26DB5A0-259A-4C25-B42D-03687934A112} = {2BA8383D-2158-4DAE-86E2-7D6CB22A57F6}
		{8C4623AD-652C-42F8-96F3-FE0458E87CE1} = {033E8E36-95F7-47D6-BA6D-CC184E230E64}
	EndGlobalSection
	GlobalSection(ProjectConfigurationPlatforms) = postSolution
		{5166947D-DA26-49E4-BB61-0EEF64679BAF}.Debug|Any CPU.ActiveCfg = Debug|Any CPU
		{5166947D-DA26-49E4-BB61-0EEF64679BAF}.Debug|Any CPU.Build.0 = Debug|Any CPU
		{5166947D-DA26-49E4-BB61-0EEF64679BAF}.Release|Any CPU.ActiveCfg = Release|Any CPU
		{5166947D-DA26-49E4-BB61-0EEF64679BAF}.Release|Any CPU.Build.0 = Release|Any CPU
		{B9B7536C-1097-42F5-8E42-E871012C3EEC}.Debug|Any CPU.ActiveCfg = Debug|Any CPU
		{B9B7536C-1097-42F5-8E42-E871012C3EEC}.Debug|Any CPU.Build.0 = Debug|Any CPU
		{B9B7536C-1097-42F5-8E42-E871012C3EEC}.Release|Any CPU.ActiveCfg = Release|Any CPU
		{B9B7536C-1097-42F5-8E42-E871012C3EEC}.Release|Any CPU.Build.0 = Release|Any CPU
		{0D32AA81-5950-4BB3-A6DF-1D6309483FC8}.Debug|Any CPU.ActiveCfg = Debug|Any CPU
		{0D32AA81-5950-4BB3-A6DF-1D6309483FC8}.Debug|Any CPU.Build.0 = Debug|Any CPU
		{0D32AA81-5950-4BB3-A6DF-1D6309483FC8}.Release|Any CPU.ActiveCfg = Release|Any CPU
		{0D32AA81-5950-4BB3-A6DF-1D6309483FC8}.Release|Any CPU.Build.0 = Release|Any CPU
		{29AC5C2E-63F0-475C-A6E2-CAAE9CA363DA}.Debug|Any CPU.ActiveCfg = Debug|Any CPU
		{29AC5C2E-63F0-475C-A6E2-CAAE9CA363DA}.Debug|Any CPU.Build.0 = Debug|Any CPU
		{29AC5C2E-63F0-475C-A6E2-CAAE9CA363DA}.Release|Any CPU.ActiveCfg = Release|Any CPU
		{29AC5C2E-63F0-475C-A6E2-CAAE9CA363DA}.Release|Any CPU.Build.0 = Release|Any CPU
		{13DB08CC-3DC1-430E-9AF4-648BF07CF34E}.Debug|Any CPU.ActiveCfg = Debug|Any CPU
		{13DB08CC-3DC1-430E-9AF4-648BF07CF34E}.Debug|Any CPU.Build.0 = Debug|Any CPU
		{13DB08CC-3DC1-430E-9AF4-648BF07CF34E}.Release|Any CPU.ActiveCfg = Release|Any CPU
		{13DB08CC-3DC1-430E-9AF4-648BF07CF34E}.Release|Any CPU.Build.0 = Release|Any CPU
		{A26DB5A0-259A-4C25-B42D-03687934A112}.Debug|Any CPU.ActiveCfg = Debug|Any CPU
		{A26DB5A0-259A-4C25-B42D-03687934A112}.Debug|Any CPU.Build.0 = Debug|Any CPU
		{A26DB5A0-259A-4C25-B42D-03687934A112}.Release|Any CPU.ActiveCfg = Release|Any CPU
		{A26DB5A0-259A-4C25-B42D-03687934A112}.Release|Any CPU.Build.0 = Release|Any CPU
		{8C4623AD-652C-42F8-96F3-FE0458E87CE1}.Debug|Any CPU.ActiveCfg = Debug|Any CPU
		{8C4623AD-652C-42F8-96F3-FE0458E87CE1}.Debug|Any CPU.Build.0 = Debug|Any CPU
		{8C4623AD-652C-42F8-96F3-FE0458E87CE1}.Release|Any CPU.ActiveCfg = Release|Any CPU
		{8C4623AD-652C-42F8-96F3-FE0458E87CE1}.Release|Any CPU.Build.0 = Release|Any CPU
	EndGlobalSection
EndGlobal
